
Microsoft Visual Studio Solution File, Format Version 12.00
# Visual Studio 15
VisualStudioVersion = 15.0.27428.2037
MinimumVisualStudioVersion = 10.0.40219.1
Project("{8BC9CEB8-8B4A-11D0-8D11-00A0C91BC942}") = "아가리오", "아가리오\아가리오.vcxproj", "{5BABE79D-F75C-4591-A072-49674D61EF02}"
EndProject
Global
	GlobalSection(SolutionConfigurationPlatforms) = preSolution
		Debug|x64 = Debug|x64
		Debug|x86 = Debug|x86
		Release|x64 = Release|x64
		Release|x86 = Release|x86
	EndGlobalSection
	GlobalSection(ProjectConfigurationPlatforms) = postSolution
		{5BABE79D-F75C-4591-A072-49674D61EF02}.Debug|x64.ActiveCfg = Debug|x64
		{5BABE79D-F75C-4591-A072-49674D61EF02}.Debug|x64.Build.0 = Debug|x64
		{5BABE79D-F75C-4591-A072-49674D61EF02}.Debug|x86.ActiveCfg = Debug|Win32
		{5BABE79D-F75C-4591-A072-49674D61EF02}.Debug|x86.Build.0 = Debug|Win32
		{5BABE79D-F75C-4591-A072-49674D61EF02}.Release|x64.ActiveCfg = Release|x64
		{5BABE79D-F75C-4591-A072-49674D61EF02}.Release|x64.Build.0 = Release|x64
		{5BABE79D-F75C-4591-A072-49674D61EF02}.Release|x86.ActiveCfg = Release|Win32
		{5BABE79D-F75C-4591-A072-49674D61EF02}.Release|x86.Build.0 = Release|Win32
	EndGlobalSection
	GlobalSection(SolutionProperties) = preSolution
		HideSolutionNode = FALSE
	EndGlobalSection
	GlobalSection(ExtensibilityGlobals) = postSolution
		SolutionGuid = {43D5951B-F9C6-47AB-98A2-ECD3F30E43CB}
	EndGlobalSection
EndGlobal
